# This file is automatically @generated by Cargo.
# It is not intended for manual editing.
version = 4

[[package]]
name = "capnp"
version = "0.27.2"
source = "registry+https://github.com/rust-lang/crates.io-index"
checksum = "93f7ce2b1b49d58b2b754f9146ef07e3244f9b67e7563bc1292fbd5f01b142f0"
dependencies = [
 "embedded-io",
]

[[package]]
name = "capnp-rust-benchmark"
version = "1.0.0"
dependencies = [
 "capnp",
 "capnpc",
]

[[package]]
name = "capnpc"
version = "0.27.0"
source = "registry+https://github.com/rust-lang/crates.io-index"
checksum = "82ca16312ddb64529d31c8dc46148671c22e57b80134fa5f17811ad5a6a79492"
dependencies = [
 "capnp",
]

[[package]]
name = "embedded-io"
version = "0.7.1"
source = "registry+https://github.com/rust-lang/crates.io-index"
checksum = "9eb1aa714776b75c7e67e1da744b81a129b3ff919c8712b5e1b32252c1f07cc7"
